// !$*UTF8*$!
{
	archiveVersion = 1;
	classes = {
	};
	objectVersion = 50;
	objects = {

/* Begin PBXBuildFile section */
		E978F6D124DA56510097592C /* AppDelegate.m in Sources */ = {isa = PBXBuildFile; fileRef = E978F6D024DA56510097592C /* AppDelegate.m */; };
		E978F6DC24DA56520097592C /* Assets.xcassets in Resources */ = {isa = PBXBuildFile; fileRef = E978F6DB24DA56520097592C /* Assets.xcassets */; };
		E978F6DF24DA56520097592C /* LaunchScreen.storyboard in Resources */ = {isa = PBXBuildFile; fileRef = E978F6DD24DA56520097592C /* LaunchScreen.storyboard */; };
		E978F6E224DA56520097592C /* main.m in Sources */ = {isa = PBXBuildFile; fileRef = E978F6E124DA56520097592C /* main.m */; };
		E978F6EE24DA56A30097592C /* longPicture.jpg in Resources */ = {isa = PBXBuildFile; fileRef = E978F6EA24DA56A30097592C /* longPicture.jpg */; };
		E978F6EF24DA56A30097592C /* LargeImageView.m in Sources */ = {isa = PBXBuildFile; fileRef = E978F6EB24DA56A30097592C /* LargeImageView.m */; };
		E978F6F024DA56A30097592C /* map.jpg in Resources */ = {isa = PBXBuildFile; fileRef = E978F6EC24DA56A30097592C /* map.jpg */; };
		E978F6F124DA56A30097592C /* ViewController.m in Sources */ = {isa = PBXBuildFile; fileRef = E978F6ED24DA56A30097592C /* ViewController.m */; };
/* End PBXBuildFile section */

/* Begin PBXFileReference section */
		E978F6CC24DA56510097592C /* LargeImage.app */ = {isa = PBXFileReference; explicitFileType = wrapper.application; includeInIndex = 0; path = LargeImage.app; sourceTree = BUILT_PRODUCTS_DIR; };
		E978F6CF24DA56510097592C /* AppDelegate.h */ = {isa = PBXFileReference; lastKnownFileType = sourcecode.c.h; path = AppDelegate.h; sourceTree = "<group>"; };
		E978F6D024DA56510097592C /* AppDelegate.m */ = {isa = PBXFileReference; lastKnownFileType = sourcecode.c.objc; path = AppDelegate.m; sourceTree = "<group>"; };
		E978F6DB24DA56520097592C /* Assets.xcassets */ = {isa = PBXFileReference; lastKnownFileType = folder.assetcatalog; path = Assets.xcassets; sourceTree = "<group>"; };
		E978F6DE24DA56520097592C /* Base */ = {isa = PBXFileReference; lastKnownFileType = file.storyboard; name = Base; path = Base.lproj/LaunchScreen.storyboard; sourceTree = "<group>"; };
		E978F6E024DA56520097592C /* Info.plist */ = {isa = PBXFileReference; lastKnownFileType = text.plist.xml; path = Info.plist; sourceTree = "<group>"; };
		E978F6E124DA56520097592C /* main.m */ = {isa = PBXFileReference; lastKnownFileType = sourcecode.c.objc; path = main.m; sourceTree = "<group>"; };
		E978F6E824DA56A30097592C /* ViewController.h */ = {isa = PBXFileReference; fileEncoding = 4; lastKnownFileType = sourcecode.c.h; path = ViewController.h; sourceTree = "<group>"; };
		E978F6E924DA56A30097592C /* LargeImageView.h */ = {isa = PBXFileReference; fileEncoding = 4; lastKnownFileType = sourcecode.c.h; path = LargeImageView.h; sourceTree = "<group>"; };
		E978F6EA24DA56A30097592C /* longPicture.jpg */ = {isa = PBXFileReference; lastKnownFileType = image.jpeg; path = longPicture.jpg; sourceTree = "<group>"; };
		E978F6EB24DA56A30097592C /* LargeImageView.m */ = {isa = PBXFileReference; fileEncoding = 4; lastKnownFileType = sourcecode.c.objc; path = LargeImageView.m; sourceTree = "<group>"; };
		E978F6EC24DA56A30097592C /* map.jpg */ = {isa = PBXFileReference; lastKnownFileType = image.jpeg; path = map.jpg; sourceTree = "<group>"; };
		E978F6ED24DA56A30097592C /* ViewController.m */ = {isa = PBXFileReference; fileEncoding = 4; lastKnownFileType = sourcecode.c.objc; path = ViewController.m; sourceTree = "<group>"; };
/* End PBXFileReference section */

/* Begin PBXFrameworksBuildPhase section */
		E978F6C924DA56510097592C /* Frameworks */ = {
			isa = PBXFrameworksBuildPhase;
			buildActionMask = 2147483647;
			files = (
			);
			runOnlyForDeploymentPostprocessing = 0;
		};
/* End PBXFrameworksBuildPhase section */

/* Begin PBXGroup section */
		E978F6C324DA56510097592C = {
			isa = PBXGroup;
			children = (
				E978F6CE24DA56510097592C /* LargeImage */,
				E978F6CD24DA56510097592C /* Products */,
			);
			sourceTree = "<group>";
		};
		E978F6CD24DA56510097592C /* Products */ = {
			isa = PBXGroup;
			children = (
				E978F6CC24DA56510097592C /* LargeImage.app */,
			);
			name = Products;
			sourceTree = "<group>";
		};
		E978F6CE24DA56510097592C /* LargeImage */ = {
			isa = PBXGroup;
			children = (
				E978F6E924DA56A30097592C /* LargeImageView.h */,
				E978F6EB24DA56A30097592C /* LargeImageView.m */,
				E978F6EA24DA56A30097592C /* longPicture.jpg */,
				E978F6EC24DA56A30097592C /* map.jpg */,
				E978F6E824DA56A30097592C /* ViewController.h */,
				E978F6ED24DA56A30097592C /* ViewController.m */,
				E978F6F224DA56AA0097592C /* SupportingFiles */,
				E978F6E024DA56520097592C /* Info.plist */,
			);
			path = LargeImage;
			sourceTree = "<group>";
		};
		E978F6F224DA56AA0097592C /* SupportingFiles */ = {
			isa = PBXGroup;
			children = (
				E978F6CF24DA56510097592C /* AppDelegate.h */,
				E978F6D024DA56510097592C /* AppDelegate.m */,
				E978F6DB24DA56520097592C /* Assets.xcassets */,
				E978F6DD24DA56520097592C /* LaunchScreen.storyboard */,
				E978F6E124DA56520097592C /* main.m */,
			);
			path = SupportingFiles;
			sourceTree = "<group>";
		};
/* End PBXGroup section */

/* Begin PBXNativeTarget section */
		E978F6CB24DA56510097592C /* LargeImage */ = {
			isa = PBXNativeTarget;
			buildConfigurationList = E978F6E524DA56520097592C /* Build configuration list for PBXNativeTarget "LargeImage" */;
			buildPhases = (
				E978F6C824DA56510097592C /* Sources */,
				E978F6C924DA56510097592C /* Frameworks */,
				E978F6CA24DA56510097592C /* Resources */,
			);
			buildRules = (
			);
			dependencies = (
			);
			name = LargeImage;
			productName = LargeImage;
			productReference = E978F6CC24DA56510097592C /* LargeImage.app */;
			productType = "com.apple.product-type.application";
		};
/* End PBXNativeTarget section */

/* Begin PBXProject section */
		E978F6C424DA56510097592C /* Project object */ = {
			isa = PBXProject;
			attributes = {
				LastUpgradeCheck = 1160;
				ORGANIZATIONNAME = xiejiapei;
				TargetAttributes = {
					E978F6CB24DA56510097592C = {
						CreatedOnToolsVersion = 11.6;
					};
				};
			};
			buildConfigurationList = E978F6C724DA56510097592C /* Build configuration list for PBXProject "LargeImage" */;
			compatibilityVersion = "Xcode 9.3";
			developmentRegion = en;
			hasScannedForEncodings = 0;
			knownRegions = (
				en,
				Base,
			);
			mainGroup = E978F6C324DA56510097592C;
			productRefGroup = E978F6CD24DA56510097592C /* Products */;
			projectDirPath = "";
			projectRoot = "";
			targets = (
				E978F6CB24DA56510097592C /* LargeImage */,
			);
		};
/* End PBXProject section */

/* Begin PBXResourcesBuildPhase section */
		E978F6CA24DA56510097592C /* Resources */ = {
			isa = PBXResourcesBuildPhase;
			buildActionMask = 2147483647;
			files = (
				E978F6F024DA56A30097592C /* map.jpg in Resources */,
				E978F6DF24DA56520097592C /* LaunchScreen.storyboard in Resources */,
				E978F6DC24DA56520097592C /* Assets.xcassets in Resources */,
				E978F6EE24DA56A30097592C /* longPicture.jpg in Resources */,
			);
			runOnlyForDeploymentPostprocessing = 0;
		};
/* End PBXResourcesBuildPhase section */

/* Begin PBXSourcesBuildPhase section */
		E978F6C824DA56510097592C /* Sources */ = {
			isa = PBXSourcesBuildPhase;
			buildActionMask = 2147483647;
			files = (
				E978F6D124DA56510097592C /* AppDelegate.m in Sources */,
				E978F6E224DA56520097592C /* main.m in Sources */,
				E978F6F124DA56A30097592C /* ViewController.m in Sources */,
				E978F6EF24DA56A30097592C /* LargeImageView.m in Sources */,
			);
			runOnlyForDeploymentPostprocessing = 0;
		};
/* End PBXSourcesBuildPhase section */

/* Begin PBXVariantGroup section */
		E978F6DD24DA56520097592C /* LaunchScreen.storyboard */ = {
			isa = PBXVariantGroup;
			children = (
				E978F6DE24DA56520097592C /* Base */,
			);
			name = LaunchScreen.storyboard;
			sourceTree = "<group>";
		};
/* End PBXVariantGroup section */

/* Begin XCBuildConfiguration section */
		E978F6E324DA56520097592C /* Debug */ = {
			isa = XCBuildConfiguration;
			buildSettings = {
				ALWAYS_SEARCH_USER_PATHS = NO;
				CLANG_ANALYZER_NONNULL = YES;
				CLANG_ANALYZER_NUMBER_OBJECT_CONVERSION = YES_AGGRESSIVE;
				CLANG_CXX_LANGUAGE_STANDARD = "gnu++14";
				CLANG_CXX_LIBRARY = "libc++";
				CLANG_ENABLE_MODULES = YES;
				CLANG_ENABLE_OBJC_ARC = YES;
				CLANG_ENABLE_OBJC_WEAK = YES;
				CLANG_WARN_BLOCK_CAPTURE_AUTORELEASING = YES;
				CLANG_WARN_BOOL_CONVERSION = YES;
				CLANG_WARN_COMMA = YES;
				CLANG_WARN_CONSTANT_CONVERSION = YES;
				CLANG_WARN_DEPRECATED_OBJC_IMPLEMENTATIONS = YES;
				CLANG_WARN_DIRECT_OBJC_ISA_USAGE = YES_ERROR;
				CLANG_WARN_DOCUMENTATION_COMMENTS = YES;
				CLANG_WARN_EMPTY_BODY = YES;
				CLANG_WARN_ENUM_CONVERSION = YES;
				CLANG_WARN_INFINITE_RECURSION = YES;
				CLANG_WARN_INT_CONVERSION = YES;
				CLANG_WARN_NON_LITERAL_NULL_CONVERSION = YES;
				CLANG_WARN_OBJC_IMPLICIT_RETAIN_SELF = YES;
				CLANG_WARN_OBJC_LITERAL_CONVERSION = YES;
				CLANG_WARN_OBJC_ROOT_CLASS = YES_ERROR;
				CLANG_WARN_RANGE_LOOP_ANALYSIS = YES;
				CLANG_WARN_STRICT_PROTOTYPES = YES;
				CLANG_WARN_SUSPICIOUS_MOVE = YES;
				CLANG_WARN_UNGUARDED_AVAILABILITY = YES_AGGRESSIVE;
				CLANG_WARN_UNREACHABLE_CODE = YES;
				CLANG_WARN__DUPLICATE_METHOD_MATCH = YES;
				COPY_PHASE_STRIP = NO;
				DEBUG_INFORMATION_FORMAT = dwarf;
				ENABLE_STRICT_OBJC_MSGSEND = YES;
				ENABLE_TESTABILITY = YES;
				GCC_C_LANGUAGE_STANDARD = gnu11;
				GCC_DYNAMIC_NO_PIC = NO;
				GCC_NO_COMMON_BLOCKS = YES;
				GCC_OPTIMIZATION_LEVEL = 0;
				GCC_PREPROCESSOR_DEFINITIONS = (
					"DEBUG=1",
					"$(inherited)",
				);
				GCC_WARN_64_TO_32_BIT_CONVERSION = YES;
				GCC_WARN_ABOUT_RETURN_TYPE = YES_ERROR;
				GCC_WARN_UNDECLARED_SELECTOR = YES;
				GCC_WARN_UNINITIALIZED_AUTOS = YES_AGGRESSIVE;
				GCC_WARN_UNUSED_FUNCTION = YES;
				GCC_WARN_UNUSED_VARIABLE = YES;
				IPHONEOS_DEPLOYMENT_TARGET = 13.6;
				MTL_ENABLE_DEBUG_INFO = INCLUDE_SOURCE;
				MTL_FAST_MATH = YES;
				ONLY_ACTIVE_ARCH = YES;
				SDKROOT = iphoneos;
			};
			name = Debug;
		};
		E978F6E424DA56520097592C /* Release */ = {
			isa = XCBuildConfiguration;
			buildSettings = {
				ALWAYS_SEARCH_USER_PATHS = NO;
				CLANG_ANALYZER_NONNULL = YES;
				CLANG_ANALYZER_NUMBER_OBJECT_CONVERSION = YES_AGGRESSIVE;
				CLANG_CXX_LANGUAGE_STANDARD = "gnu++14";
				CLANG_CXX_LIBRARY = "libc++";
				CLANG_ENABLE_MODULES = YES;
				CLANG_ENABLE_OBJC_ARC = YES;
				CLANG_ENABLE_OBJC_WEAK = YES;
				CLANG_WARN_BLOCK_CAPTURE_AUTORELEASING = YES;
				CLANG_WARN_BOOL_CONVERSION = YES;
				CLANG_WARN_COMMA = YES;
				CLANG_WARN_CONSTANT_CONVERSION = YES;
				CLANG_WARN_DEPRECATED_OBJC_IMPLEMENTATIONS = YES;
				CLANG_WARN_DIRECT_OBJC_ISA_USAGE = YES_ERROR;
				CLANG_WARN_DOCUMENTATION_COMMENTS = YES;
				CLANG_WARN_EMPTY_BODY = YES;
				CLANG_WARN_ENUM_CONVERSION = YES;
				CLANG_WARN_INFINITE_RECURSION = YES;
				CLANG_WARN_INT_CONVERSION = YES;
				CLANG_WARN_NON_LITERAL_NULL_CONVERSION = YES;
				CLANG_WARN_OBJC_IMPLICIT_RETAIN_SELF = YES;
				CLANG_WARN_OBJC_LITERAL_CONVERSION = YES;
				CLANG_WARN_OBJC_ROOT_CLASS = YES_ERROR;
				CLANG_WARN_RANGE_LOOP_ANALYSIS = YES;
				CLANG_WARN_STRICT_PROTOTYPES = YES;
				CLANG_WARN_SUSPICIOUS_MOVE = YES;
				CLANG_WARN_UNGUARDED_AVAILABILITY = YES_AGGRESSIVE;
				CLANG_WARN_UNREACHABLE_CODE = YES;
				CLANG_WARN__DUPLICATE_METHOD_MATCH = YES;
				COPY_PHASE_STRIP = NO;
				DEBUG_INFORMATION_FORMAT = "dwarf-with-dsym";
				ENABLE_NS_ASSERTIONS = NO;
				ENABLE_STRICT_OBJC_MSGSEND = YES;
				GCC_C_LANGUAGE_STANDARD = gnu11;
				GCC_NO_COMMON_BLOCKS = YES;
				GCC_WARN_64_TO_32_BIT_CONVERSION = YES;
				GCC_WARN_ABOUT_RETURN_TYPE = YES_ERROR;
				GCC_WARN_UNDECLARED_SELECTOR = YES;
				GCC_WARN_UNINITIALIZED_AUTOS = YES_AGGRESSIVE;
				GCC_WARN_UNUSED_FUNCTION = YES;
				GCC_WARN_UNUSED_VARIABLE = YES;
				IPHONEOS_DEPLOYMENT_TARGET = 13.6;
				MTL_ENABLE_DEBUG_INFO = NO;
				MTL_FAST_MATH = YES;
				SDKROOT = iphoneos;
				VALIDATE_PRODUCT = YES;
			};
			name = Release;
		};
		E978F6E624DA56520097592C /* Debug */ = {
			isa = XCBuildConfiguration;
			buildSettings = {
				ASSETCATALOG_COMPILER_APPICON_NAME = AppIcon;
				CODE_SIGN_STYLE = Automatic;
				DEVELOPMENT_TEAM = MRMHT335N6;
				INFOPLIST_FILE = LargeImage/Info.plist;
				LD_RUNPATH_SEARCH_PATHS = (
					"$(inherited)",
					"@executable_path/Frameworks",
				);
				PRODUCT_BUNDLE_IDENTIFIER = com.xiejiapei.LargeImage;
				PRODUCT_NAME = "$(TARGET_NAME)";
				TARGETED_DEVICE_FAMILY = "1,2";
			};
			name = Debug;
		};
		E978F6E724DA56520097592C /* Release */ = {
			isa = XCBuildConfiguration;
			buildSettings = {
				ASSETCATALOG_COMPILER_APPICON_NAME = AppIcon;
				CODE_SIGN_STYLE = Automatic;
				DEVELOPMENT_TEAM = MRMHT335N6;
				INFOPLIST_FILE = LargeImage/Info.plist;
				LD_RUNPATH_SEARCH_PATHS = (
					"$(inherited)",
					"@executable_path/Frameworks",
				);
				PRODUCT_BUNDLE_IDENTIFIER = com.xiejiapei.LargeImage;
				PRODUCT_NAME = "$(TARGET_NAME)";
				TARGETED_DEVICE_FAMILY = "1,2";
			};
			name = Release;
		};
/* End XCBuildConfiguration section */

/* Begin XCConfigurationList section */
		E978F6C724DA56510097592C /* Build configuration list for PBXProject "LargeImage" */ = {
			isa = XCConfigurationList;
			buildConfigurations = (
				E978F6E324DA56520097592C /* Debug */,
				E978F6E424DA56520097592C /* Release */,
			);
			defaultConfigurationIsVisible = 0;
			defaultConfigurationName = Release;
		};
		E978F6E524DA56520097592C /* Build configuration list for PBXNativeTarget "LargeImage" */ = {
			isa = XCConfigurationList;
			buildConfigurations = (
				E978F6E624DA56520097592C /* Debug */,
				E978F6E724DA56520097592C /* Release */,
			);
			defaultConfigurationIsVisible = 0;
			defaultConfigurationName = Release;
		};
/* End XCConfigurationList section */
	};
	rootObject = E978F6C424DA56510097592C /* Project object */;
}
